Microsoft Visual Studio Solution File, Format Version 12.00
# Visual Studio Version 16
VisualStudioVersion = 16.0.30413.136
MinimumVisualStudioVersion = 10.0.40219.1
Project("{9A19103F-16F7-4668-BE54-9A1E7A4F7556}") = "HelloWorldTest", "HelloWorldTest\HelloWorldTest.csproj", "{4610EB29-4ACD-4ABC-B5EB-04C42F5D2DAC}"
EndProject
Project("{FAE04EC0-301F-11D3-BF4B-00C04F79EFBC}") = "HelloWorld_UnitTest", "HelloWorld_UnitTest\HelloWorld_UnitTest.csproj", "{1F390B21-44AE-4D07-B1B9-268845AFF069}"
EndProject
Global
	GlobalSection(SolutionConfigurationPlatforms) = preSolution
		Debug|Any CPU = Debug|Any CPU
		Release|Any CPU = Release|Any CPU
	EndGlobalSection
	GlobalSection(ProjectConfigurationPlatforms) = postSolution
		{4610EB29-4ACD-4ABC-B5EB-04C42F5D2DAC}.Debug|Any CPU.ActiveCfg = Debug|Any CPU
		{4610EB29-4ACD-4ABC-B5EB-04C42F5D2DAC}.Debug|Any CPU.Build.0 = Debug|Any CPU
		{4610EB29-4ACD-4ABC-B5EB-04C42F5D2DAC}.Release|Any CPU.ActiveCfg = Release|Any CPU
		{4610EB29-4ACD-4ABC-B5EB-04C42F5D2DAC}.Release|Any CPU.Build.0 = Release|Any CPU
		{1F390B21-44AE-4D07-B1B9-268845AFF069}.Debug|Any CPU.ActiveCfg = Debug|Any CPU
		{1F390B21-44AE-4D07-B1B9-268845AFF069}.Debug|Any CPU.Build.0 = Debug|Any CPU
		{1F390B21-44AE-4D07-B1B9-268845AFF069}.Release|Any CPU.ActiveCfg = Release|Any CPU
		{1F390B21-44AE-4D07-B1B9-268845AFF069}.Release|Any CPU.Build.0 = Release|Any CPU
	EndGlobalSection
	GlobalSection(SolutionProperties) = preSolution
		HideSolutionNode = FALSE
	EndGlobalSection
	GlobalSection(ExtensibilityGlobals) = postSolution
		SolutionGuid = {C91A8AEA-3047-4F4B-9E46-BBF8D241CD8C}
	EndGlobalSection
EndGlobal
